# This file is automatically @generated by Cargo.
# It is not intended for manual editing.
version = 4

[[package]]
name = "aivyx-audit"
version = "0.1.0"

[[package]]
name = "aivyx-capability"
version = "0.1.0"

[[package]]
name = "aivyx-channel"
version = "0.1.0"

[[package]]
name = "aivyx-config"
version = "0.1.0"

[[package]]
name = "aivyx-core"
version = "0.1.0"

[[package]]
name = "aivyx-crypto"
version = "0.1.0"

[[package]]
name = "aivyx-llm"
version = "0.1.0"

[[package]]
name = "aivyx-memory"
version = "0.1.0"

[[package]]
name = "aivyx-storage"
version = "0.1.0"
